
Microsoft Visual Studio Solution File, Format Version 12.00
# Visual Studio Version 17
VisualStudioVersion = 17.5.33424.131
MinimumVisualStudioVersion = 10.0.40219.1
Project("{9A19103F-16F7-4668-BE54-9A1E7A4F7556}") = "MastermindGame", "MastermindGame.csproj", "{D814E564-ED7C-481F-A1F9-F52D1A3D1613}"
EndProject
Global
	GlobalSection(SolutionConfigurationPlatforms) = preSolution
		Debug|Any CPU = Debug|Any CPU
		Release|Any CPU = Release|Any CPU
	EndGlobalSection
	GlobalSection(ProjectConfigurationPlatforms) = postSolution
		{D814E564-ED7C-481F-A1F9-F52D1A3D1613}.Debug|Any CPU.ActiveCfg = Debug|Any CPU
		{D814E564-ED7C-481F-A1F9-F52D1A3D1613}.Debug|Any CPU.Build.0 = Debug|Any CPU
		{D814E564-ED7C-481F-A1F9-F52D1A3D1613}.Release|Any CPU.ActiveCfg = Release|Any CPU
		{D814E564-ED7C-481F-A1F9-F52D1A3D1613}.Release|Any CPU.Build.0 = Release|Any CPU
	EndGlobalSection
	GlobalSection(SolutionProperties) = preSolution
		HideSolutionNode = FALSE
	EndGlobalSection
	GlobalSection(ExtensibilityGlobals) = postSolution
		SolutionGuid = {60C7CFE9-6C83-4CC5-BF95-1C4CCD77F2EC}
	EndGlobalSection
EndGlobal
